
Microsoft Visual Studio Solution File, Format Version 12.00
# Visual Studio Version 16
VisualStudioVersion = 16.0.29920.165
MinimumVisualStudioVersion = 10.0.40219.1
Project("{FAE04EC0-301F-11D3-BF4B-00C04F79EFBC}") = "Api", "Api.csproj", "{D7FBB83D-1649-46D5-AA4D-0CB36E079029}"
EndProject
Global
	GlobalSection(SolutionConfigurationPlatforms) = preSolution
		Debug|Any CPU = Debug|Any CPU
		Release|Any CPU = Release|Any CPU
	EndGlobalSection
	GlobalSection(ProjectConfigurationPlatforms) = postSolution
		{D7FBB83D-1649-46D5-AA4D-0CB36E079029}.Debug|Any CPU.ActiveCfg = Debug|Any CPU
		{D7FBB83D-1649-46D5-AA4D-0CB36E079029}.Debug|Any CPU.Build.0 = Debug|Any CPU
		{D7FBB83D-1649-46D5-AA4D-0CB36E079029}.Release|Any CPU.ActiveCfg = Release|Any CPU
		{D7FBB83D-1649-46D5-AA4D-0CB36E079029}.Release|Any CPU.Build.0 = Release|Any CPU
	EndGlobalSection
	GlobalSection(SolutionProperties) = preSolution
		HideSolutionNode = FALSE
	EndGlobalSection
	GlobalSection(ExtensibilityGlobals) = postSolution
		SolutionGuid = {DEA9B151-B84D-4F1B-9BE8-2F63B5C87AFA}
	EndGlobalSection
EndGlobal
